Microsoft Visual Studio Solution File, Format Version 12.00
# Visual Studio Version 17
VisualStudioVersion = 17.5.2.0
MinimumVisualStudioVersion = 10.0.40219.1
Project("{FAE04EC0-301F-11D3-BF4B-00C04F79EFBC}") = "DocGen", "DocGen.csproj", "{F8B3BD22-DC2A-4915-12E5-A33102D550E1}"
EndProject
Global
	GlobalSection(SolutionConfigurationPlatforms) = preSolution
		Debug|Any CPU = Debug|Any CPU
		Release|Any CPU = Release|Any CPU
	EndGlobalSection
	GlobalSection(ProjectConfigurationPlatforms) = postSolution
		{F8B3BD22-DC2A-4915-12E5-A33102D550E1}.Debug|Any CPU.ActiveCfg = Debug|Any CPU
		{F8B3BD22-DC2A-4915-12E5-A33102D550E1}.Debug|Any CPU.Build.0 = Debug|Any CPU
		{F8B3BD22-DC2A-4915-12E5-A33102D550E1}.Release|Any CPU.ActiveCfg = Release|Any CPU
		{F8B3BD22-DC2A-4915-12E5-A33102D550E1}.Release|Any CPU.Build.0 = Release|Any CPU
	EndGlobalSection
	GlobalSection(SolutionProperties) = preSolution
		HideSolutionNode = FALSE
	EndGlobalSection
	GlobalSection(ExtensibilityGlobals) = postSolution
		SolutionGuid = {F81C3F95-C1DC-485F-B930-7990EC0FB3C2}
	EndGlobalSection
EndGlobal
